
Microsoft Visual Studio Solution File, Format Version 12.00
# Visual Studio Version 17
VisualStudioVersion = 17.4.33122.133
MinimumVisualStudioVersion = 10.0.40219.1
Project("{FAE04EC0-301F-11D3-BF4B-00C04F79EFBC}") = "Project Game Portal", "Project Game Portal.csproj", "{A3B38E0E-1CE5-47D0-A768-E4B2AB87FE04}"
EndProject
Global
	GlobalSection(SolutionConfigurationPlatforms) = preSolution
		Debug|Any CPU = Debug|Any CPU
		Release|Any CPU = Release|Any CPU
	EndGlobalSection
	GlobalSection(ProjectConfigurationPlatforms) = postSolution
		{A3B38E0E-1CE5-47D0-A768-E4B2AB87FE04}.Debug|Any CPU.ActiveCfg = Debug|Any CPU
		{A3B38E0E-1CE5-47D0-A768-E4B2AB87FE04}.Debug|Any CPU.Build.0 = Debug|Any CPU
		{A3B38E0E-1CE5-47D0-A768-E4B2AB87FE04}.Release|Any CPU.ActiveCfg = Release|Any CPU
		{A3B38E0E-1CE5-47D0-A768-E4B2AB87FE04}.Release|Any CPU.Build.0 = Release|Any CPU
	EndGlobalSection
	GlobalSection(SolutionProperties) = preSolution
		HideSolutionNode = FALSE
	EndGlobalSection
	GlobalSection(ExtensibilityGlobals) = postSolution
		SolutionGuid = {DF0E5FC9-9DFD-491C-9A1B-71C686D105A1}
	EndGlobalSection
EndGlobal
